
Microsoft Visual Studio Solution File, Format Version 12.00
# Visual Studio Version 16
VisualStudioVersion = 16.0.30320.27
MinimumVisualStudioVersion = 10.0.40219.1
Project("{FAE04EC0-301F-11D3-BF4B-00C04F79EFBC}") = "Contpaqi.Sql.Comercial.Generales", "Contpaqi.Sql.Comercial.Generales\Contpaqi.Sql.Comercial.Generales.csproj", "{F5D39ECA-2ECB-4541-AC11-B3E7DAE58E5A}"
EndProject
Global
	GlobalSection(SolutionConfigurationPlatforms) = preSolution
		Debug|Any CPU = Debug|Any CPU
		Release|Any CPU = Release|Any CPU
	EndGlobalSection
	GlobalSection(ProjectConfigurationPlatforms) = postSolution
		{F5D39ECA-2ECB-4541-AC11-B3E7DAE58E5A}.Debug|Any CPU.ActiveCfg = Debug|Any CPU
		{F5D39ECA-2ECB-4541-AC11-B3E7DAE58E5A}.Debug|Any CPU.Build.0 = Debug|Any CPU
		{F5D39ECA-2ECB-4541-AC11-B3E7DAE58E5A}.Release|Any CPU.ActiveCfg = Release|Any CPU
		{F5D39ECA-2ECB-4541-AC11-B3E7DAE58E5A}.Release|Any CPU.Build.0 = Release|Any CPU
	EndGlobalSection
	GlobalSection(SolutionProperties) = preSolution
		HideSolutionNode = FALSE
	EndGlobalSection
	GlobalSection(ExtensibilityGlobals) = postSolution
		SolutionGuid = {B6BB1637-4422-4536-87D9-6698FA011E2F}
	EndGlobalSection
EndGlobal
